github.com/go-telegram-bot-api/telegram-bot-api/v5 v5.5.1 h1:wG8n/XJQ07TmjbITcGiUaOtXxdrINDz1b0J1w0SzqDc=
github.com/go-telegram-bot-api/telegram-bot-api/v5 v5.5.1/go.mod h1:A2S0CWkNylc2phvKXWBBdD3K0iGnDBGbzRpISP2zBl8=
github.com/golang/freetype v0.0.0-20170609003504-e2365dfdc4a0 h1:DACJavvAHhabrF08vX0COfcOBJRhZ8lUbR+ZWIs0Y5g=
github.com/golang/freetype v0.0.0-20170609003504-e2365dfdc4a0/go.mod h1:E/TSTwGwJL78qG/PmXZO1EjYhfJinVAhrmmHX6Z8B9k=
github.com/joho/godotenv v1.4.0 h1:3l4+N6zfMWnkbPEXKng2o2/MR5mSwTrBih4ZEkkz1lg=
github.com/joho/godotenv v1.4.0/go.mod h1:f4LDr5Voq0i2e/R5DDNOoa2zzDfwtkZa6DnEwAbqwq4=
github.com/mattn/go-sqlite3 v1.14.11 h1:gt+cp9c0XGqe9S/wAHTL3n/7MqY+siPWgWJgqdsFrzQ=
github.com/mattn/go-sqlite3 v1.14.11/go.mod h1:NyWgC/yNuGj7Q9rpYnZvas74GogHl5/Z4A/KQRfk6bU=
github.com/zloyboy/chart v0.0.1 h1:Fm3i5J5U2+vWSnGDDd7nplwIv9K+y9rmF9Rq7NKNKeU=
github.com/zloyboy/chart v0.0.1/go.mod h1:qWT/B7FboKtYOfMj0GHRLbNW3P++Mc0ZQ6jbYeRv+44=
github.com/zloyboy/chart v0.0.2 h1:K7UZ/JTtpp6B3vggn9WC8b6J3CFxiNzlAjdu6NFK4dw=
github.com/zloyboy/chart v0.0.2/go.mod h1:qWT/B7FboKtYOfMj0GHRLbNW3P++Mc0ZQ6jbYeRv+44=
golang.org/x/image v0.0.0-20220321031419-a8550c1d254a h1:LnH9RNcpPv5Kzi15lXg42lYMPUf0x8CuPv1YnvBWZAg=
golang.org/x/image v0.0.0-20220321031419-a8550c1d254a/go.mod h1:023OzeP/+EPmXeapQh35lcL3II3LrY8Ic+EFFKVhULM=
golang.org/x/text v0.3.6/go.mod h1:5Zoc/QRtKVWzQhOtBMvqHzDpF6irO9z98xDceosuGiQ=
golang.org/x/tools v0.0.0-20180917221912-90fa682c2a6e/go.mod h1:n7NCudcB/nEzxVGmLbDWY5pfWTLqBcC2KZ6jyYvM4mQ=
